
Microsoft Visual Studio Solution File, Format Version 12.00
# Visual Studio 15
VisualStudioVersion = 15.0.28307.572
MinimumVisualStudioVersion = 10.0.40219.1
Project("{FAE04EC0-301F-11D3-BF4B-00C04F79EFBC}") = "Day5PracticeProblemTwo", "Day5PracticeProblemTwo\Day5PracticeProblemTwo.csproj", "{985374B7-66D5-4E34-B61D-1F3ED79FAD95}"
EndProject
Global
	GlobalSection(SolutionConfigurationPlatforms) = preSolution
		Debug|Any CPU = Debug|Any CPU
		Release|Any CPU = Release|Any CPU
	EndGlobalSection
	GlobalSection(ProjectConfigurationPlatforms) = postSolution
		{985374B7-66D5-4E34-B61D-1F3ED79FAD95}.Debug|Any CPU.ActiveCfg = Debug|Any CPU
		{985374B7-66D5-4E34-B61D-1F3ED79FAD95}.Debug|Any CPU.Build.0 = Debug|Any CPU
		{985374B7-66D5-4E34-B61D-1F3ED79FAD95}.Release|Any CPU.ActiveCfg = Release|Any CPU
		{985374B7-66D5-4E34-B61D-1F3ED79FAD95}.Release|Any CPU.Build.0 = Release|Any CPU
	EndGlobalSection
	GlobalSection(SolutionProperties) = preSolution
		HideSolutionNode = FALSE
	EndGlobalSection
	GlobalSection(ExtensibilityGlobals) = postSolution
		SolutionGuid = {907D40B4-2768-47AF-8852-642435F3BA9A}
	EndGlobalSection
EndGlobal
