
Microsoft Visual Studio Solution File, Format Version 12.00
# Visual Studio 15
VisualStudioVersion = 15.0.28307.572
MinimumVisualStudioVersion = 10.0.40219.1
Project("{FAE04EC0-301F-11D3-BF4B-00C04F79EFBC}") = "Day5PracticeProblemThree", "Day5PracticeProblemThree\Day5PracticeProblemThree.csproj", "{9ECC8DD5-1C1D-4783-B7DA-6E59D36A6C52}"
EndProject
Global
	GlobalSection(SolutionConfigurationPlatforms) = preSolution
		Debug|Any CPU = Debug|Any CPU
		Release|Any CPU = Release|Any CPU
	EndGlobalSection
	GlobalSection(ProjectConfigurationPlatforms) = postSolution
		{9ECC8DD5-1C1D-4783-B7DA-6E59D36A6C52}.Debug|Any CPU.ActiveCfg = Debug|Any CPU
		{9ECC8DD5-1C1D-4783-B7DA-6E59D36A6C52}.Debug|Any CPU.Build.0 = Debug|Any CPU
		{9ECC8DD5-1C1D-4783-B7DA-6E59D36A6C52}.Release|Any CPU.ActiveCfg = Release|Any CPU
		{9ECC8DD5-1C1D-4783-B7DA-6E59D36A6C52}.Release|Any CPU.Build.0 = Release|Any CPU
	EndGlobalSection
	GlobalSection(SolutionProperties) = preSolution
		HideSolutionNode = FALSE
	EndGlobalSection
	GlobalSection(ExtensibilityGlobals) = postSolution
		SolutionGuid = {2373DE8B-BE67-4D4E-8F1B-26F860CB2AB5}
	EndGlobalSection
EndGlobal
